
Microsoft Visual Studio Solution File, Format Version 12.00
# Visual Studio Version 17
VisualStudioVersion = 17.10.34928.147
MinimumVisualStudioVersion = 10.0.40219.1
Project("{FAE04EC0-301F-11D3-BF4B-00C04F79EFBC}") = "StoreResource", "StoreResource\StoreResource.csproj", "{91952721-EC89-4356-A902-B0C9EE4F057D}"
EndProject
Global
	GlobalSection(SolutionConfigurationPlatforms) = preSolution
		Debug|Any CPU = Debug|Any CPU
		Release|Any CPU = Release|Any CPU
	EndGlobalSection
	GlobalSection(ProjectConfigurationPlatforms) = postSolution
		{91952721-EC89-4356-A902-B0C9EE4F057D}.Debug|Any CPU.ActiveCfg = Debug|Any CPU
		{91952721-EC89-4356-A902-B0C9EE4F057D}.Debug|Any CPU.Build.0 = Debug|Any CPU
		{91952721-EC89-4356-A902-B0C9EE4F057D}.Release|Any CPU.ActiveCfg = Release|Any CPU
		{91952721-EC89-4356-A902-B0C9EE4F057D}.Release|Any CPU.Build.0 = Release|Any CPU
	EndGlobalSection
	GlobalSection(SolutionProperties) = preSolution
		HideSolutionNode = FALSE
	EndGlobalSection
	GlobalSection(ExtensibilityGlobals) = postSolution
		SolutionGuid = {FBB91F8D-F44C-48C8-9154-4EFCD5A84483}
	EndGlobalSection
EndGlobal
